Microsoft Visual Studio Solution File, Format Version 12.00
# Visual Studio Version 17
VisualStudioVersion = 17.5.2.0
MinimumVisualStudioVersion = 10.0.40219.1
Project("{FAE04EC0-301F-11D3-BF4B-00C04F79EFBC}") = "TodoCRUD", "TodoCRUD.csproj", "{12C3AED7-9028-120A-7FA7-1E7F781DDC53}"
EndProject
Global
	GlobalSection(SolutionConfigurationPlatforms) = preSolution
		Debug|Any CPU = Debug|Any CPU
		Release|Any CPU = Release|Any CPU
	EndGlobalSection
	GlobalSection(ProjectConfigurationPlatforms) = postSolution
		{12C3AED7-9028-120A-7FA7-1E7F781DDC53}.Debug|Any CPU.ActiveCfg = Debug|Any CPU
		{12C3AED7-9028-120A-7FA7-1E7F781DDC53}.Debug|Any CPU.Build.0 = Debug|Any CPU
		{12C3AED7-9028-120A-7FA7-1E7F781DDC53}.Release|Any CPU.ActiveCfg = Release|Any CPU
		{12C3AED7-9028-120A-7FA7-1E7F781DDC53}.Release|Any CPU.Build.0 = Release|Any CPU
	EndGlobalSection
	GlobalSection(SolutionProperties) = preSolution
		HideSolutionNode = FALSE
	EndGlobalSection
	GlobalSection(ExtensibilityGlobals) = postSolution
		SolutionGuid = {18D25ABA-0CAB-4069-B2C7-81CBA28FCF78}
	EndGlobalSection
EndGlobal
